
Microsoft Visual Studio Solution File, Format Version 12.00
# Visual Studio Version 16
VisualStudioVersion = 16.0.29613.14
MinimumVisualStudioVersion = 10.0.40219.1
Project("{FAE04EC0-301F-11D3-BF4B-00C04F79EFBC}") = "AnnualizedGUI", "AnnualizedGUI\AnnualizedGUI.csproj", "{A48A405C-14CA-47F8-94A2-8BE23209BF37}"
EndProject
Project("{9A19103F-16F7-4668-BE54-9A1E7A4F7556}") = "AnnualizedLibrary", "AnnualizedLibrary\AnnualizedLibrary.csproj", "{4BBD0566-AFF6-43B1-9EE3-4404A4F101DF}"
EndProject
Project("{54435603-DBB4-11D2-8724-00A0C9A8B90C}") = "Setup", "Setup\Setup.vdproj", "{53F1BDF8-26B9-4A73-8B1B-E060A7518A5E}"
EndProject
Global
	GlobalSection(SolutionConfigurationPlatforms) = preSolution
		Debug|Any CPU = Debug|Any CPU
		Release|Any CPU = Release|Any CPU
	EndGlobalSection
	GlobalSection(ProjectConfigurationPlatforms) = postSolution
		{A48A405C-14CA-47F8-94A2-8BE23209BF37}.Debug|Any CPU.ActiveCfg = Debug|Any CPU
		{A48A405C-14CA-47F8-94A2-8BE23209BF37}.Debug|Any CPU.Build.0 = Debug|Any CPU
		{A48A405C-14CA-47F8-94A2-8BE23209BF37}.Release|Any CPU.ActiveCfg = Release|Any CPU
		{A48A405C-14CA-47F8-94A2-8BE23209BF37}.Release|Any CPU.Build.0 = Release|Any CPU
		{4BBD0566-AFF6-43B1-9EE3-4404A4F101DF}.Debug|Any CPU.ActiveCfg = Debug|Any CPU
		{4BBD0566-AFF6-43B1-9EE3-4404A4F101DF}.Debug|Any CPU.Build.0 = Debug|Any CPU
		{4BBD0566-AFF6-43B1-9EE3-4404A4F101DF}.Release|Any CPU.ActiveCfg = Release|Any CPU
		{4BBD0566-AFF6-43B1-9EE3-4404A4F101DF}.Release|Any CPU.Build.0 = Release|Any CPU
		{53F1BDF8-26B9-4A73-8B1B-E060A7518A5E}.Debug|Any CPU.ActiveCfg = Debug
		{53F1BDF8-26B9-4A73-8B1B-E060A7518A5E}.Release|Any CPU.ActiveCfg = Release
	EndGlobalSection
	GlobalSection(SolutionProperties) = preSolution
		HideSolutionNode = FALSE
	EndGlobalSection
	GlobalSection(ExtensibilityGlobals) = postSolution
		SolutionGuid = {DF6CED99-A8C3-44F4-9084-DC8820AB2BB9}
	EndGlobalSection
EndGlobal
